
Microsoft Visual Studio Solution File, Format Version 12.00
# Visual Studio Version 17
VisualStudioVersion = 17.0.31912.275
MinimumVisualStudioVersion = 10.0.40219.1
Project("{FAE04EC0-301F-11D3-BF4B-00C04F79EFBC}") = "BlazorApp16", "BlazorApp16\BlazorApp16.csproj", "{5B0C9EB3-AA0C-4EF9-899A-498E6E98C590}"
EndProject
Global
	GlobalSection(SolutionConfigurationPlatforms) = preSolution
		Debug|Any CPU = Debug|Any CPU
		Release|Any CPU = Release|Any CPU
	EndGlobalSection
	GlobalSection(ProjectConfigurationPlatforms) = postSolution
		{5B0C9EB3-AA0C-4EF9-899A-498E6E98C590}.Debug|Any CPU.ActiveCfg = Debug|Any CPU
		{5B0C9EB3-AA0C-4EF9-899A-498E6E98C590}.Debug|Any CPU.Build.0 = Debug|Any CPU
		{5B0C9EB3-AA0C-4EF9-899A-498E6E98C590}.Release|Any CPU.ActiveCfg = Release|Any CPU
		{5B0C9EB3-AA0C-4EF9-899A-498E6E98C590}.Release|Any CPU.Build.0 = Release|Any CPU
	EndGlobalSection
	GlobalSection(SolutionProperties) = preSolution
		HideSolutionNode = FALSE
	EndGlobalSection
	GlobalSection(ExtensibilityGlobals) = postSolution
		SolutionGuid = {77BE9575-995F-4E40-8AF5-05FE8EBCE25A}
	EndGlobalSection
EndGlobal
